{
  "version": 4,
  "terraform_version": "1.15.5",
  "serial": 15,
  "lineage": "f5f073cc-666f-65e2-2338-e98d8dd4e5a5",
  "outputs": {
    "rds_sg_id": {
      "value": "sg-0889b8ca558bfd1ae",
      "type": "string"
    },
    "s3_bucket_arn": {
      "value": "arn:aws:s3:::cev-scan-reports-469174453369",
      "type": "string"
    },
    "s3_bucket_name": {
      "value": "cev-scan-reports-469174453369",
      "type": "string"
    }
  },
  "resources": [
    {
      "mode": "managed",
      "type": "aws_db_subnet_group",
      "name": "cev",
      "provider": "provider[\"registry.terraform.io/hashicorp/aws\"]",
      "instances": [
        {
          "schema_version": 0,
          "attributes": {
            "arn": "arn:aws:rds:us-east-1:469174453369:subgrp:cev-rds-subnet-group",
            "description": "Managed by Terraform",
            "id": "cev-rds-subnet-group",
            "name": "cev-rds-subnet-group",
            "name_prefix": "",
            "subnet_ids": [
              "subnet-062fd831d2a0152d0",
              "subnet-0f1d47085356b041a"
            ],
            "supported_network_types": [
              "IPV4"
            ],
            "tags": {
              "Name": "cev-rds-subnet-group",
              "Project": "compliance-evidence-vault"
            },
            "tags_all": {
              "Name": "cev-rds-subnet-group",
              "Project": "compliance-evidence-vault"
            },
            "vpc_id": "vpc-038f92f05c8d008ab"
          },
          "sensitive_attributes": [],
          "identity_schema_version": 0,
          "private": "bnVsbA=="
        }
      ]
    },
    {
      "mode": "managed",
      "type": "aws_s3_bucket",
      "name": "cev_reports",
      "provider": "provider[\"registry.terraform.io/hashicorp/aws\"]",
      "instances": [
        {
          "schema_version": 0,
          "attributes": {
            "acceleration_status": "",
            "acl": null,
            "arn": "arn:aws:s3:::cev-scan-reports-469174453369",
            "bucket": "cev-scan-reports-469174453369",
            "bucket_domain_name": "cev-scan-reports-469174453369.s3.amazonaws.com",
            "bucket_prefix": "",
            "bucket_regional_domain_name": "cev-scan-reports-469174453369.s3.us-east-1.amazonaws.com",
            "cors_rule": [],
            "force_destroy": true,
            "grant": [
              {
                "id": "9cdb6f885c8edc805858d3418ab203059ff9848c4d1b77cd596b2c188f418c28",
                "permissions": [
                  "FULL_CONTROL"
                ],
                "type": "CanonicalUser",
                "uri": ""
              }
            ],
            "hosted_zone_id": "Z3AQBSTGFYJSTF",
            "id": "cev-scan-reports-469174453369",
            "lifecycle_rule": [],
            "logging": [],
            "object_lock_configuration": [],
            "object_lock_enabled": false,
            "policy": "",
            "region": "us-east-1",
            "replication_configuration": [],
            "request_payer": "BucketOwner",
            "server_side_encryption_configuration": [
              {
                "rule": [
                  {
                    "apply_server_side_encryption_by_default": [
                      {
                        "kms_master_key_id": "",
                        "sse_algorithm": "AES256"
                      }
                    ],
                    "bucket_key_enabled": false
                  }
                ]
              }
            ],
            "tags": {
              "Name": "cev-scan-reports",
              "Project": "compliance-evidence-vault"
            },
            "tags_all": {
              "Name": "cev-scan-reports",
              "Project": "compliance-evidence-vault"
            },
            "timeouts": null,
            "versioning": [
              {
                "enabled": false,
                "mfa_delete": false
              }
            ],
            "website": [],
            "website_domain": null,
            "website_endpoint": null
          },
          "sensitive_attributes": [],
          "identity_schema_version": 0,
          "private": "eyJlMmJmYjczMC1lY2FhLTExZTYtOGY4OC0zNDM2M2JjN2M0YzAiOnsiY3JlYXRlIjoxMjAwMDAwMDAwMDAwLCJkZWxldGUiOjM2MDAwMDAwMDAwMDAsInJlYWQiOjEyMDAwMDAwMDAwMDAsInVwZGF0ZSI6MTIwMDAwMDAwMDAwMH19"
        }
      ]
    },
    {
      "mode": "managed",
      "type": "aws_s3_bucket_lifecycle_configuration",
      "name": "cev_reports",
      "provider": "provider[\"registry.terraform.io/hashicorp/aws\"]",
      "instances": [
        {
          "schema_version": 1,
          "attributes": {
            "bucket": "cev-scan-reports-469174453369",
            "expected_bucket_owner": "",
            "id": "cev-scan-reports-469174453369",
            "rule": [
              {
                "abort_incomplete_multipart_upload": [],
                "expiration": [],
                "filter": [
                  {
                    "and": [],
                    "object_size_greater_than": null,
                    "object_size_less_than": null,
                    "prefix": "",
                    "tag": []
                  }
                ],
                "id": "archive-to-glacier",
                "noncurrent_version_expiration": [],
                "noncurrent_version_transition": [],
                "prefix": "",
                "status": "Enabled",
                "transition": [
                  {
                    "date": null,
                    "days": 90,
                    "storage_class": "GLACIER"
                  }
                ]
              }
            ],
            "timeouts": null,
            "transition_default_minimum_object_size": "all_storage_classes_128K"
          },
          "sensitive_attributes": [],
          "identity_schema_version": 0,
          "dependencies": [
            "aws_s3_bucket.cev_reports"
          ]
        }
      ]
    },
    {
      "mode": "managed",
      "type": "aws_s3_bucket_public_access_block",
      "name": "cev_reports",
      "provider": "provider[\"registry.terraform.io/hashicorp/aws\"]",
      "instances": [
        {
          "schema_version": 0,
          "attributes": {
            "block_public_acls": true,
            "block_public_policy": true,
            "bucket": "cev-scan-reports-469174453369",
            "id": "cev-scan-reports-469174453369",
            "ignore_public_acls": true,
            "restrict_public_buckets": true
          },
          "sensitive_attributes": [],
          "identity_schema_version": 0,
          "private": "bnVsbA==",
          "dependencies": [
            "aws_s3_bucket.cev_reports"
          ]
        }
      ]
    },
    {
      "mode": "managed",
      "type": "aws_security_group",
      "name": "rds_sg",
      "provider": "provider[\"registry.terraform.io/hashicorp/aws\"]",
      "instances": [
        {
          "schema_version": 1,
          "attributes": {
            "arn": "arn:aws:ec2:us-east-1:469174453369:security-group/sg-0889b8ca558bfd1ae",
            "description": "Allow PostgreSQL access from Lambda",
            "egress": [
              {
                "cidr_blocks": [
                  "0.0.0.0/0"
                ],
                "description": "",
                "from_port": 0,
                "ipv6_cidr_blocks": [],
                "prefix_list_ids": [],
                "protocol": "-1",
                "security_groups": [],
                "self": false,
                "to_port": 0
              }
            ],
            "id": "sg-0889b8ca558bfd1ae",
            "ingress": [
              {
                "cidr_blocks": [
                  "172.31.0.0/16"
                ],
                "description": "",
                "from_port": 5432,
                "ipv6_cidr_blocks": [],
                "prefix_list_ids": [],
                "protocol": "tcp",
                "security_groups": [],
                "self": false,
                "to_port": 5432
              }
            ],
            "name": "cev-rds-sg",
            "name_prefix": "",
            "owner_id": "469174453369",
            "revoke_rules_on_delete": false,
            "tags": {
              "Name": "cev-rds-sg",
              "Project": "compliance-evidence-vault"
            },
            "tags_all": {
              "Name": "cev-rds-sg",
              "Project": "compliance-evidence-vault"
            },
            "timeouts": null,
            "vpc_id": "vpc-038f92f05c8d008ab"
          },
          "sensitive_attributes": [],
          "identity_schema_version": 0,
          "private": "eyJlMmJmYjczMC1lY2FhLTExZTYtOGY4OC0zNDM2M2JjN2M0YzAiOnsiY3JlYXRlIjo2MDAwMDAwMDAwMDAsImRlbGV0ZSI6OTAwMDAwMDAwMDAwfSwic2NoZW1hX3ZlcnNpb24iOiIxIn0="
        }
      ]
    }
  ],
  "check_results": null
}
